
Microsoft Visual Studio Solution File, Format Version 12.00
# Visual Studio Version 16
VisualStudioVersion = 16.0.28803.352
MinimumVisualStudioVersion = 10.0.40219.1
Project("{9A19103F-16F7-4668-BE54-9A1E7A4F7556}") = "NoFishingQuests", "NoFishingQuests.csproj", "{418DF5B7-02A1-410E-A953-09A1A2B2F4B9}"
EndProject
Global
	GlobalSection(SolutionConfigurationPlatforms) = preSolution
		Debug|Any CPU = Debug|Any CPU
		Release|Any CPU = Release|Any CPU
	EndGlobalSection
	GlobalSection(ProjectConfigurationPlatforms) = postSolution
		{418DF5B7-02A1-410E-A953-09A1A2B2F4B9}.Debug|Any CPU.ActiveCfg = Debug|Any CPU
		{418DF5B7-02A1-410E-A953-09A1A2B2F4B9}.Debug|Any CPU.Build.0 = Debug|Any CPU
		{418DF5B7-02A1-410E-A953-09A1A2B2F4B9}.Release|Any CPU.ActiveCfg = Release|Any CPU
		{418DF5B7-02A1-410E-A953-09A1A2B2F4B9}.Release|Any CPU.Build.0 = Release|Any CPU
	EndGlobalSection
	GlobalSection(SolutionProperties) = preSolution
		HideSolutionNode = FALSE
	EndGlobalSection
	GlobalSection(ExtensibilityGlobals) = postSolution
		SolutionGuid = {D6CD31D3-20EA-42A8-820F-90D776C76A0D}
	EndGlobalSection
EndGlobal
